
Microsoft Visual Studio Solution File, Format Version 12.00
# Visual Studio Version 16
VisualStudioVersion = 16.0.31624.102
MinimumVisualStudioVersion = 10.0.40219.1
Project("{FAE04EC0-301F-11D3-BF4B-00C04F79EFBC}") = "WindowsServer", "WindowsServer\WindowsServer.csproj", "{49AD5786-7F04-40BB-81F5-A0BC635E6881}"
EndProject
Project("{FAE04EC0-301F-11D3-BF4B-00C04F79EFBC}") = "skp", "ksp\skp.csproj", "{6F589597-F4D9-408C-851A-58F5680EED95}"
EndProject
Project("{FAE04EC0-301F-11D3-BF4B-00C04F79EFBC}") = "MobileClient.Android", "MobileClient\MobileClient.Android\MobileClient.Android.csproj", "{CA866C14-9C9E-473F-8F95-003012AC9B7D}"
EndProject
Project("{FAE04EC0-301F-11D3-BF4B-00C04F79EFBC}") = "MobileClient.iOS", "MobileClient\MobileClient.iOS\MobileClient.iOS.csproj", "{117ACCBE-FCEC-4A76-A940-CB4E63824994}"
EndProject
Project("{9A19103F-16F7-4668-BE54-9A1E7A4F7556}") = "MobileClient", "MobileClient\MobileClient\MobileClient.csproj", "{86DB0293-1628-43EE-87DB-3AEE3EC04EC9}"
EndProject
Global
	GlobalSection(SolutionConfigurationPlatforms) = preSolution
		Debug|Any CPU = Debug|Any CPU
		Debug|iPhone = Debug|iPhone
		Debug|iPhoneSimulator = Debug|iPhoneSimulator
		Release|Any CPU = Release|Any CPU
		Release|iPhone = Release|iPhone
		Release|iPhoneSimulator = Release|iPhoneSimulator
	EndGlobalSection
	GlobalSection(ProjectConfigurationPlatforms) = postSolution
		{49AD5786-7F04-40BB-81F5-A0BC635E6881}.Debug|Any CPU.ActiveCfg = Debug|Any CPU
		{49AD5786-7F04-40BB-81F5-A0BC635E6881}.Debug|Any CPU.Build.0 = Debug|Any CPU
		{49AD5786-7F04-40BB-81F5-A0BC635E6881}.Debug|iPhone.ActiveCfg = Debug|Any CPU
		{49AD5786-7F04-40BB-81F5-A0BC635E6881}.Debug|iPhone.Build.0 = Debug|Any CPU
		{49AD5786-7F04-40BB-81F5-A0BC635E6881}.Debug|iPhoneSimulator.ActiveCfg = Debug|Any CPU
		{49AD5786-7F04-40BB-81F5-A0BC635E6881}.Debug|iPhoneSimulator.Build.0 = Debug|Any CPU
		{49AD5786-7F04-40BB-81F5-A0BC635E6881}.Release|Any CPU.ActiveCfg = Release|Any CPU
		{49AD5786-7F04-40BB-81F5-A0BC635E6881}.Release|Any CPU.Build.0 = Release|Any CPU
		{49AD5786-7F04-40BB-81F5-A0BC635E6881}.Release|iPhone.ActiveCfg = Release|Any CPU
		{49AD5786-7F04-40BB-81F5-A0BC635E6881}.Release|iPhone.Build.0 = Release|Any CPU
		{49AD5786-7F04-40BB-81F5-A0BC635E6881}.Release|iPhoneSimulator.ActiveCfg = Release|Any CPU
		{49AD5786-7F04-40BB-81F5-A0BC635E6881}.Release|iPhoneSimulator.Build.0 = Release|Any CPU
		{6F589597-F4D9-408C-851A-58F5680EED95}.Debug|Any CPU.ActiveCfg = Debug|Any CPU
		{6F589597-F4D9-408C-851A-58F5680EED95}.Debug|Any CPU.Build.0 = Debug|Any CPU
		{6F589597-F4D9-408C-851A-58F5680EED95}.Debug|iPhone.ActiveCfg = Debug|Any CPU
		{6F589597-F4D9-408C-851A-58F5680EED95}.Debug|iPhone.Build.0 = Debug|Any CPU
		{6F589597-F4D9-408C-851A-58F5680EED95}.Debug|iPhoneSimulator.ActiveCfg = Debug|Any CPU
		{6F589597-F4D9-408C-851A-58F5680EED95}.Debug|iPhoneSimulator.Build.0 = Debug|Any CPU
		{6F589597-F4D9-408C-851A-58F5680EED95}.Release|Any CPU.ActiveCfg = Release|Any CPU
		{6F589597-F4D9-408C-851A-58F5680EED95}.Release|Any CPU.Build.0 = Release|Any CPU
		{6F589597-F4D9-408C-851A-58F5680EED95}.Release|iPhone.ActiveCfg = Release|Any CPU
		{6F589597-F4D9-408C-851A-58F5680EED95}.Release|iPhone.Build.0 = Release|Any CPU
		{6F589597-F4D9-408C-851A-58F5680EED95}.Release|iPhoneSimulator.ActiveCfg = Release|Any CPU
		{6F589597-F4D9-408C-851A-58F5680EED95}.Release|iPhoneSimulator.Build.0 = Release|Any CPU
		{CA866C14-9C9E-473F-8F95-003012AC9B7D}.Debug|Any CPU.ActiveCfg = Debug|Any CPU
		{CA866C14-9C9E-473F-8F95-003012AC9B7D}.Debug|Any CPU.Build.0 = Debug|Any CPU
		{CA866C14-9C9E-473F-8F95-003012AC9B7D}.Debug|Any CPU.Deploy.0 = Debug|Any CPU
		{CA866C14-9C9E-473F-8F95-003012AC9B7D}.Debug|iPhone.ActiveCfg = Debug|Any CPU
		{CA866C14-9C9E-473F-8F95-003012AC9B7D}.Debug|iPhone.Build.0 = Debug|Any CPU
		{CA866C14-9C9E-473F-8F95-003012AC9B7D}.Debug|iPhone.Deploy.0 = Debug|Any CPU
		{CA866C14-9C9E-473F-8F95-003012AC9B7D}.Debug|iPhoneSimulator.ActiveCfg = Debug|Any CPU
		{CA866C14-9C9E-473F-8F95-003012AC9B7D}.Debug|iPhoneSimulator.Build.0 = Debug|Any CPU
		{CA866C14-9C9E-473F-8F95-003012AC9B7D}.Debug|iPhoneSimulator.Deploy.0 = Debug|Any CPU
		{CA866C14-9C9E-473F-8F95-003012AC9B7D}.Release|Any CPU.ActiveCfg = Release|Any CPU
		{CA866C14-9C9E-473F-8F95-003012AC9B7D}.Release|Any CPU.Build.0 = Release|Any CPU
		{CA866C14-9C9E-473F-8F95-003012AC9B7D}.Release|Any CPU.Deploy.0 = Release|Any CPU
		{CA866C14-9C9E-473F-8F95-003012AC9B7D}.Release|iPhone.ActiveCfg = Release|Any CPU
		{CA866C14-9C9E-473F-8F95-003012AC9B7D}.Release|iPhone.Build.0 = Release|Any CPU
		{CA866C14-9C9E-473F-8F95-003012AC9B7D}.Release|iPhone.Deploy.0 = Release|Any CPU
		{CA866C14-9C9E-473F-8F95-003012AC9B7D}.Release|iPhoneSimulator.ActiveCfg = Release|Any CPU
		{CA866C14-9C9E-473F-8F95-003012AC9B7D}.Release|iPhoneSimulator.Build.0 = Release|Any CPU
		{CA866C14-9C9E-473F-8F95-003012AC9B7D}.Release|iPhoneSimulator.Deploy.0 = Release|Any CPU
		{117ACCBE-FCEC-4A76-A940-CB4E63824994}.Debug|Any CPU.ActiveCfg = Debug|iPhoneSimulator
		{117ACCBE-FCEC-4A76-A940-CB4E63824994}.Debug|iPhone.ActiveCfg = Debug|iPhone
		{117ACCBE-FCEC-4A76-A940-CB4E63824994}.Debug|iPhone.Build.0 = Debug|iPhone
		{117ACCBE-FCEC-4A76-A940-CB4E63824994}.Debug|iPhoneSimulator.ActiveCfg = Debug|iPhoneSimulator
		{117ACCBE-FCEC-4A76-A940-CB4E63824994}.Debug|iPhoneSimulator.Build.0 = Debug|iPhoneSimulator
		{117ACCBE-FCEC-4A76-A940-CB4E63824994}.Release|Any CPU.ActiveCfg = Release|iPhoneSimulator
		{117ACCBE-FCEC-4A76-A940-CB4E63824994}.Release|iPhone.ActiveCfg = Release|iPhone
		{117ACCBE-FCEC-4A76-A940-CB4E63824994}.Release|iPhone.Build.0 = Release|iPhone
		{117ACCBE-FCEC-4A76-A940-CB4E63824994}.Release|iPhoneSimulator.ActiveCfg = Release|iPhoneSimulator
		{117ACCBE-FCEC-4A76-A940-CB4E63824994}.Release|iPhoneSimulator.Build.0 = Release|iPhoneSimulator
		{86DB0293-1628-43EE-87DB-3AEE3EC04EC9}.Debug|Any CPU.ActiveCfg = Debug|Any CPU
		{86DB0293-1628-43EE-87DB-3AEE3EC04EC9}.Debug|Any CPU.Build.0 = Debug|Any CPU
		{86DB0293-1628-43EE-87DB-3AEE3EC04EC9}.Debug|iPhone.ActiveCfg = Debug|Any CPU
		{86DB0293-1628-43EE-87DB-3AEE3EC04EC9}.Debug|iPhone.Build.0 = Debug|Any CPU
		{86DB0293-1628-43EE-87DB-3AEE3EC04EC9}.Debug|iPhoneSimulator.ActiveCfg = Debug|Any CPU
		{86DB0293-1628-43EE-87DB-3AEE3EC04EC9}.Debug|iPhoneSimulator.Build.0 = Debug|Any CPU
		{86DB0293-1628-43EE-87DB-3AEE3EC04EC9}.Release|Any CPU.ActiveCfg = Release|Any CPU
		{86DB0293-1628-43EE-87DB-3AEE3EC04EC9}.Release|Any CPU.Build.0 = Release|Any CPU
		{86DB0293-1628-43EE-87DB-3AEE3EC04EC9}.Release|iPhone.ActiveCfg = Release|Any CPU
		{86DB0293-1628-43EE-87DB-3AEE3EC04EC9}.Release|iPhone.Build.0 = Release|Any CPU
		{86DB0293-1628-43EE-87DB-3AEE3EC04EC9}.Release|iPhoneSimulator.ActiveCfg = Release|Any CPU
		{86DB0293-1628-43EE-87DB-3AEE3EC04EC9}.Release|iPhoneSimulator.Build.0 = Release|Any CPU
	EndGlobalSection
	GlobalSection(SolutionProperties) = preSolution
		HideSolutionNode = FALSE
	EndGlobalSection
	GlobalSection(ExtensibilityGlobals) = postSolution
		SolutionGuid = {31161D82-FD5A-4723-AA80-486CBC793536}
	EndGlobalSection
EndGlobal
